// !$*UTF8*$!
{
	archiveVersion = 1;
	classes = {
	};
	objectVersion = 56;
	objects = {

/* Begin PBXBuildFile section */
		03BBEB37199722F5B96DC62A /* libPods-TopMovieTests.a in Frameworks */ = {isa = PBXBuildFile; fileRef = F72D4D5E67E10BA5E290EA7D /* libPods-TopMovieTests.a */; };
		18AF49932E153D540075C100 /* Assets.xcassets in Resources */ = {isa = PBXBuildFile; fileRef = 18AF49922E153D540075C100 /* Assets.xcassets */; };
		18AF49A12E153D540075C100 /* TopMovieTests.swift in Sources */ = {isa = PBXBuildFile; fileRef = 18AF49A02E153D540075C100 /* TopMovieTests.swift */; };
		18AF49AB2E153D540075C100 /* TopMovieUITests.swift in Sources */ = {isa = PBXBuildFile; fileRef = 18AF49AA2E153D540075C100 /* TopMovieUITests.swift */; };
		18AF49AD2E153D540075C100 /* TopMovieUITestsLaunchTests.swift in Sources */ = {isa = PBXBuildFile; fileRef = 18AF49AC2E153D540075C100 /* TopMovieUITestsLaunchTests.swift */; };
		18DA55072E154FAD000082DD /* Alamofire in Frameworks */ = {isa = PBXBuildFile; productRef = 18DA55062E154FAD000082DD /* Alamofire */; };
		18DA55092E154FAD000082DD /* AlamofireDynamic in Frameworks */ = {isa = PBXBuildFile; productRef = 18DA55082E154FAD000082DD /* AlamofireDynamic */; };
		18DA550A2E154FAD000082DD /* AlamofireDynamic in Embed Frameworks */ = {isa = PBXBuildFile; productRef = 18DA55082E154FAD000082DD /* AlamofireDynamic */; settings = {ATTRIBUTES = (CodeSignOnCopy, ); }; };
		18DA55112E155331000082DD /* Colors.xcassets in Resources */ = {isa = PBXBuildFile; fileRef = 18DA55102E155331000082DD /* Colors.xcassets */; };
		18DA551D2E156A90000082DD /* BaseViewController.swift in Sources */ = {isa = PBXBuildFile; fileRef = 18DA551C2E156A90000082DD /* BaseViewController.swift */; };
		18DA55222E156D0A000082DD /* SDWebImage in Frameworks */ = {isa = PBXBuildFile; productRef = 18DA55212E156D0A000082DD /* SDWebImage */; };
		18DA55242E156D0A000082DD /* SDWebImageMapKit in Frameworks */ = {isa = PBXBuildFile; productRef = 18DA55232E156D0A000082DD /* SDWebImageMapKit */; };
		18EAAE092E17311B00335513 /* HomeUseCase.swift in Sources */ = {isa = PBXBuildFile; fileRef = 18EAADFE2E17311B00335513 /* HomeUseCase.swift */; };
		18EAAE0A2E17311B00335513 /* MovieDetailsUseCase.swift in Sources */ = {isa = PBXBuildFile; fileRef = 18EAAE002E17311B00335513 /* MovieDetailsUseCase.swift */; };
		18EAAE0B2E17311B00335513 /* SaveFavData.swift in Sources */ = {isa = PBXBuildFile; fileRef = 18EAAE022E17311B00335513 /* SaveFavData.swift */; };
		18EAAE0C2E17311B00335513 /* ErrorModel.swift in Sources */ = {isa = PBXBuildFile; fileRef = 18EAAE052E17311B00335513 /* ErrorModel.swift */; };
		18EAAE0D2E17311B00335513 /* Request.swift in Sources */ = {isa = PBXBuildFile; fileRef = 18EAAE062E17311B00335513 /* Request.swift */; };
		18EAAE0E2E17311B00335513 /* URLs.swift in Sources */ = {isa = PBXBuildFile; fileRef = 18EAAE072E17311B00335513 /* URLs.swift */; };
		3F0D283D0409A1F29E202200 /* libPods-TopMovieUITests.a in Frameworks */ = {isa = PBXBuildFile; fileRef = 599C56B84A348EA2EE6EB935 /* libPods-TopMovieUITests.a */; };
		7F811C47764210D08C93AFFE /* Pods_TopMovie.framework in Frameworks */ = {isa = PBXBuildFile; fileRef = 290A4B4C21E57714107AA603 /* Pods_TopMovie.framework */; };
/* End PBXBuildFile section */

/* Begin PBXContainerItemProxy section */
		18AF499D2E153D540075C100 /* PBXContainerItemProxy */ = {
			isa = PBXContainerItemProxy;
			containerPortal = 18AF497E2E153D510075C100 /* Project object */;
			proxyType = 1;
			remoteGlobalIDString = 18AF49852E153D510075C100;
			remoteInfo = TopMovie;
		};
		18AF49A72E153D540075C100 /* PBXContainerItemProxy */ = {
			isa = PBXContainerItemProxy;
			containerPortal = 18AF497E2E153D510075C100 /* Project object */;
			proxyType = 1;
			remoteGlobalIDString = 18AF49852E153D510075C100;
			remoteInfo = TopMovie;
		};
/* End PBXContainerItemProxy section */

/* Begin PBXCopyFilesBuildPhase section */
		18DA550B2E154FAE000082DD /* Embed Frameworks */ = {
			isa = PBXCopyFilesBuildPhase;
			buildActionMask = 2147483647;
			dstPath = "";
			dstSubfolderSpec = 10;
			files = (
				18DA550A2E154FAD000082DD /* AlamofireDynamic in Embed Frameworks */,
			);
			name = "Embed Frameworks";
			runOnlyForDeploymentPostprocessing = 0;
		};
/* End PBXCopyFilesBuildPhase section */

/* Begin PBXFileReference section */
		18AF49862E153D510075C100 /* TopMovie.app */ = {isa = PBXFileReference; explicitFileType = wrapper.application; includeInIndex = 0; path = TopMovie.app; sourceTree = BUILT_PRODUCTS_DIR; };
		18AF49922E153D540075C100 /* Assets.xcassets */ = {isa = PBXFileReference; lastKnownFileType = folder.assetcatalog; path = Assets.xcassets; sourceTree = "<group>"; };
		18AF49972E153D540075C100 /* Info.plist */ = {isa = PBXFileReference; lastKnownFileType = text.plist.xml; path = Info.plist; sourceTree = "<group>"; };
		18AF499C2E153D540075C100 /* TopMovieTests.xctest */ = {isa = PBXFileReference; explicitFileType = wrapper.cfbundle; includeInIndex = 0; path = TopMovieTests.xctest; sourceTree = BUILT_PRODUCTS_DIR; };
		18AF49A02E153D540075C100 /* TopMovieTests.swift */ = {isa = PBXFileReference; lastKnownFileType = sourcecode.swift; path = TopMovieTests.swift; sourceTree = "<group>"; };
		18AF49A62E153D540075C100 /* TopMovieUITests.xctest */ = {isa = PBXFileReference; explicitFileType = wrapper.cfbundle; includeInIndex = 0; path = TopMovieUITests.xctest; sourceTree = BUILT_PRODUCTS_DIR; };
		18AF49AA2E153D540075C100 /* TopMovieUITests.swift */ = {isa = PBXFileReference; lastKnownFileType = sourcecode.swift; path = TopMovieUITests.swift; sourceTree = "<group>"; };
		18AF49AC2E153D540075C100 /* TopMovieUITestsLaunchTests.swift */ = {isa = PBXFileReference; lastKnownFileType = sourcecode.swift; path = TopMovieUITestsLaunchTests.swift; sourceTree = "<group>"; };
		18DA55102E155331000082DD /* Colors.xcassets */ = {isa = PBXFileReference; lastKnownFileType = folder.assetcatalog; path = Colors.xcassets; sourceTree = "<group>"; };
		18DA551C2E156A90000082DD /* BaseViewController.swift */ = {isa = PBXFileReference; lastKnownFileType = sourcecode.swift; path = BaseViewController.swift; sourceTree = "<group>"; };
		18EAADFE2E17311B00335513 /* HomeUseCase.swift */ = {isa = PBXFileReference; fileEncoding = 4; lastKnownFileType = sourcecode.swift; path = HomeUseCase.swift; sourceTree = "<group>"; };
		18EAAE002E17311B00335513 /* MovieDetailsUseCase.swift */ = {isa = PBXFileReference; fileEncoding = 4; lastKnownFileType = sourcecode.swift; path = MovieDetailsUseCase.swift; sourceTree = "<group>"; };
		18EAAE022E17311B00335513 /* SaveFavData.swift */ = {isa = PBXFileReference; fileEncoding = 4; lastKnownFileType = sourcecode.swift; path = SaveFavData.swift; sourceTree = "<group>"; };
		18EAAE052E17311B00335513 /* ErrorModel.swift */ = {isa = PBXFileReference; fileEncoding = 4; lastKnownFileType = sourcecode.swift; path = ErrorModel.swift; sourceTree = "<group>"; };
		18EAAE062E17311B00335513 /* Request.swift */ = {isa = PBXFileReference; fileEncoding = 4; lastKnownFileType = sourcecode.swift; path = Request.swift; sourceTree = "<group>"; };
		18EAAE072E17311B00335513 /* URLs.swift */ = {isa = PBXFileReference; fileEncoding = 4; lastKnownFileType = sourcecode.swift; path = URLs.swift; sourceTree = "<group>"; };
		24EAA59A8752BBD593FDD7B7 /* Pods-TopMovie.debug.xcconfig */ = {isa = PBXFileReference; includeInIndex = 1; lastKnownFileType = text.xcconfig; name = "Pods-TopMovie.debug.xcconfig"; path = "Target Support Files/Pods-TopMovie/Pods-TopMovie.debug.xcconfig"; sourceTree = "<group>"; };
		290A4B4C21E57714107AA603 /* Pods_TopMovie.framework */ = {isa = PBXFileReference; explicitFileType = wrapper.framework; includeInIndex = 0; path = Pods_TopMovie.framework; sourceTree = BUILT_PRODUCTS_DIR; };
		3176450A25770311F0AC42B0 /* Pods-TopMovieTests.debug.xcconfig */ = {isa = PBXFileReference; includeInIndex = 1; lastKnownFileType = text.xcconfig; name = "Pods-TopMovieTests.debug.xcconfig"; path = "Target Support Files/Pods-TopMovieTests/Pods-TopMovieTests.debug.xcconfig"; sourceTree = "<group>"; };
		45DE19DA72F45376ED6DDFEE /* Pods-TopMovieTests.release.xcconfig */ = {isa = PBXFileReference; includeInIndex = 1; lastKnownFileType = text.xcconfig; name = "Pods-TopMovieTests.release.xcconfig"; path = "Target Support Files/Pods-TopMovieTests/Pods-TopMovieTests.release.xcconfig"; sourceTree = "<group>"; };
		599C56B84A348EA2EE6EB935 /* libPods-TopMovieUITests.a */ = {isa = PBXFileReference; explicitFileType = archive.ar; includeInIndex = 0; path = "libPods-TopMovieUITests.a"; sourceTree = BUILT_PRODUCTS_DIR; };
		665432373371166F74F8BD6B /* Pods-TopMovieUITests.release.xcconfig */ = {isa = PBXFileReference; includeInIndex = 1; lastKnownFileType = text.xcconfig; name = "Pods-TopMovieUITests.release.xcconfig"; path = "Target Support Files/Pods-TopMovieUITests/Pods-TopMovieUITests.release.xcconfig"; sourceTree = "<group>"; };
		C0EE660CF6D1AD912596D468 /* Pods-TopMovie.release.xcconfig */ = {isa = PBXFileReference; includeInIndex = 1; lastKnownFileType = text.xcconfig; name = "Pods-TopMovie.release.xcconfig"; path = "Target Support Files/Pods-TopMovie/Pods-TopMovie.release.xcconfig"; sourceTree = "<group>"; };
		D5C8B88C81BBEDBEFB33914F /* Pods-TopMovieUITests.debug.xcconfig */ = {isa = PBXFileReference; includeInIndex = 1; lastKnownFileType = text.xcconfig; name = "Pods-TopMovieUITests.debug.xcconfig"; path = "Target Support Files/Pods-TopMovieUITests/Pods-TopMovieUITests.debug.xcconfig"; sourceTree = "<group>"; };
		F72D4D5E67E10BA5E290EA7D /* libPods-TopMovieTests.a */ = {isa = PBXFileReference; explicitFileType = archive.ar; includeInIndex = 0; path = "libPods-TopMovieTests.a"; sourceTree = BUILT_PRODUCTS_DIR; };
/* End PBXFileReference section */

/* Begin PBXFrameworksBuildPhase section */
		18AF49832E153D510075C100 /* Frameworks */ = {
			isa = PBXFrameworksBuildPhase;
			buildActionMask = 2147483647;
			files = (
				7F811C47764210D08C93AFFE /* Pods_TopMovie.framework in Frameworks */,
				18DA55242E156D0A000082DD /* SDWebImageMapKit in Frameworks */,
				18DA55092E154FAD000082DD /* AlamofireDynamic in Frameworks */,
				18DA55222E156D0A000082DD /* SDWebImage in Frameworks */,
				18DA55072E154FAD000082DD /* Alamofire in Frameworks */,
			);
			runOnlyForDeploymentPostprocessing = 0;
		};
		18AF49992E153D540075C100 /* Frameworks */ = {
			isa = PBXFrameworksBuildPhase;
			buildActionMask = 2147483647;
			files = (
				03BBEB37199722F5B96DC62A /* libPods-TopMovieTests.a in Frameworks */,
			);
			runOnlyForDeploymentPostprocessing = 0;
		};
		18AF49A32E153D540075C100 /* Frameworks */ = {
			isa = PBXFrameworksBuildPhase;
			buildActionMask = 2147483647;
			files = (
				3F0D283D0409A1F29E202200 /* libPods-TopMovieUITests.a in Frameworks */,
			);
			runOnlyForDeploymentPostprocessing = 0;
		};
/* End PBXFrameworksBuildPhase section */

/* Begin PBXGroup section */
		18AF497D2E153D510075C100 = {
			isa = PBXGroup;
			children = (
				18AF49882E153D510075C100 /* TopMovie */,
				18AF499F2E153D540075C100 /* TopMovieTests */,
				18AF49A92E153D540075C100 /* TopMovieUITests */,
				18AF49872E153D510075C100 /* Products */,
				C90CEF911E2A2720573C0AED /* Pods */,
				32D524149FCE9A6E73EFB4A5 /* Frameworks */,
			);
			sourceTree = "<group>";
		};
		18AF49872E153D510075C100 /* Products */ = {
			isa = PBXGroup;
			children = (
				18AF49862E153D510075C100 /* TopMovie.app */,
				18AF499C2E153D540075C100 /* TopMovieTests.xctest */,
				18AF49A62E153D540075C100 /* TopMovieUITests.xctest */,
			);
			name = Products;
			sourceTree = "<group>";
		};
		18AF49882E153D510075C100 /* TopMovie */ = {
			isa = PBXGroup;
			children = (
				18DA551B2E156A79000082DD /* Init */,
				18AF49922E153D540075C100 /* Assets.xcassets */,
				18DA55102E155331000082DD /* Colors.xcassets */,
				18AF49972E153D540075C100 /* Info.plist */,
				18EAAE082E17311B00335513 /* NetworkLayer */,
				18EAAE042E17311B00335513 /* UseCase */,
			);
			path = TopMovie;
			sourceTree = "<group>";
		};
		18AF499F2E153D540075C100 /* TopMovieTests */ = {
			isa = PBXGroup;
			children = (
				18AF49A02E153D540075C100 /* TopMovieTests.swift */,
			);
			path = TopMovieTests;
			sourceTree = "<group>";
		};
		18AF49A92E153D540075C100 /* TopMovieUITests */ = {
			isa = PBXGroup;
			children = (
				18AF49AA2E153D540075C100 /* TopMovieUITests.swift */,
				18AF49AC2E153D540075C100 /* TopMovieUITestsLaunchTests.swift */,
			);
			path = TopMovieUITests;
			sourceTree = "<group>";
		};
		18DA551B2E156A79000082DD /* Init */ = {
			isa = PBXGroup;
			children = (
				18DA551C2E156A90000082DD /* BaseViewController.swift */,
			);
			path = Init;
			sourceTree = "<group>";
		};
		18EAADFF2E17311B00335513 /* HomeUseCase */ = {
			isa = PBXGroup;
			children = (
				18EAADFE2E17311B00335513 /* HomeUseCase.swift */,
			);
			path = HomeUseCase;
			sourceTree = "<group>";
		};
		18EAAE012E17311B00335513 /* MovieDetailsUseCase */ = {
			isa = PBXGroup;
			children = (
				18EAAE002E17311B00335513 /* MovieDetailsUseCase.swift */,
			);
			path = MovieDetailsUseCase;
			sourceTree = "<group>";
		};
		18EAAE032E17311B00335513 /* UserDefaults */ = {
			isa = PBXGroup;
			children = (
				18EAAE022E17311B00335513 /* SaveFavData.swift */,
			);
			path = UserDefaults;
			sourceTree = "<group>";
		};
		18EAAE042E17311B00335513 /* UseCase */ = {
			isa = PBXGroup;
			children = (
				18EAADFF2E17311B00335513 /* HomeUseCase */,
				18EAAE012E17311B00335513 /* MovieDetailsUseCase */,
				18EAAE032E17311B00335513 /* UserDefaults */,
			);
			path = UseCase;
			sourceTree = "<group>";
		};
		18EAAE082E17311B00335513 /* NetworkLayer */ = {
			isa = PBXGroup;
			children = (
				18EAAE052E17311B00335513 /* ErrorModel.swift */,
				18EAAE062E17311B00335513 /* Request.swift */,
				18EAAE072E17311B00335513 /* URLs.swift */,
			);
			path = NetworkLayer;
			sourceTree = "<group>";
		};
		32D524149FCE9A6E73EFB4A5 /* Frameworks */ = {
			isa = PBXGroup;
			children = (
				290A4B4C21E57714107AA603 /* Pods_TopMovie.framework */,
				F72D4D5E67E10BA5E290EA7D /* libPods-TopMovieTests.a */,
				599C56B84A348EA2EE6EB935 /* libPods-TopMovieUITests.a */,
			);
			name = Frameworks;
			sourceTree = "<group>";
		};
		C90CEF911E2A2720573C0AED /* Pods */ = {
			isa = PBXGroup;
			children = (
				24EAA59A8752BBD593FDD7B7 /* Pods-TopMovie.debug.xcconfig */,
				C0EE660CF6D1AD912596D468 /* Pods-TopMovie.release.xcconfig */,
				3176450A25770311F0AC42B0 /* Pods-TopMovieTests.debug.xcconfig */,
				45DE19DA72F45376ED6DDFEE /* Pods-TopMovieTests.release.xcconfig */,
				D5C8B88C81BBEDBEFB33914F /* Pods-TopMovieUITests.debug.xcconfig */,
				665432373371166F74F8BD6B /* Pods-TopMovieUITests.release.xcconfig */,
			);
			path = Pods;
			sourceTree = "<group>";
		};
/* End PBXGroup section */

/* Begin PBXNativeTarget section */
		18AF49852E153D510075C100 /* TopMovie */ = {
			isa = PBXNativeTarget;
			buildConfigurationList = 18AF49B02E153D540075C100 /* Build configuration list for PBXNativeTarget "TopMovie" */;
			buildPhases = (
				9B7AD54F82272067198AF0F1 /* [CP] Check Pods Manifest.lock */,
				18AF49822E153D510075C100 /* Sources */,
				18AF49832E153D510075C100 /* Frameworks */,
				18AF49842E153D510075C100 /* Resources */,
				11FCA88E789B763240EAC6D5 /* [CP] Embed Pods Frameworks */,
				18DA550B2E154FAE000082DD /* Embed Frameworks */,
			);
			buildRules = (
			);
			dependencies = (
			);
			name = TopMovie;
			packageProductDependencies = (
				18DA55062E154FAD000082DD /* Alamofire */,
				18DA55082E154FAD000082DD /* AlamofireDynamic */,
				18DA55212E156D0A000082DD /* SDWebImage */,
				18DA55232E156D0A000082DD /* SDWebImageMapKit */,
			);
			productName = TopMovie;
			productReference = 18AF49862E153D510075C100 /* TopMovie.app */;
			productType = "com.apple.product-type.application";
		};
		18AF499B2E153D540075C100 /* TopMovieTests */ = {
			isa = PBXNativeTarget;
			buildConfigurationList = 18AF49B32E153D540075C100 /* Build configuration list for PBXNativeTarget "TopMovieTests" */;
			buildPhases = (
				A2F728DA8A2687D649B80B31 /* [CP] Check Pods Manifest.lock */,
				18AF49982E153D540075C100 /* Sources */,
				18AF49992E153D540075C100 /* Frameworks */,
				18AF499A2E153D540075C100 /* Resources */,
			);
			buildRules = (
			);
			dependencies = (
				18AF499E2E153D540075C100 /* PBXTargetDependency */,
			);
			name = TopMovieTests;
			productName = TopMovieTests;
			productReference = 18AF499C2E153D540075C100 /* TopMovieTests.xctest */;
			productType = "com.apple.product-type.bundle.unit-test";
		};
		18AF49A52E153D540075C100 /* TopMovieUITests */ = {
			isa = PBXNativeTarget;
			buildConfigurationList = 18AF49B62E153D540075C100 /* Build configuration list for PBXNativeTarget "TopMovieUITests" */;
			buildPhases = (
				97EB0BDA4FF13CB6CE1A23B8 /* [CP] Check Pods Manifest.lock */,
				18AF49A22E153D540075C100 /* Sources */,
				18AF49A32E153D540075C100 /* Frameworks */,
				18AF49A42E153D540075C100 /* Resources */,
			);
			buildRules = (
			);
			dependencies = (
				18AF49A82E153D540075C100 /* PBXTargetDependency */,
			);
			name = TopMovieUITests;
			productName = TopMovieUITests;
			productReference = 18AF49A62E153D540075C100 /* TopMovieUITests.xctest */;
			productType = "com.apple.product-type.bundle.ui-testing";
		};
/* End PBXNativeTarget section */

/* Begin PBXProject section */
		18AF497E2E153D510075C100 /* Project object */ = {
			isa = PBXProject;
			attributes = {
				BuildIndependentTargetsInParallel = 1;
				LastSwiftUpdateCheck = 1530;
				LastUpgradeCheck = 1530;
				TargetAttributes = {
					18AF49852E153D510075C100 = {
						CreatedOnToolsVersion = 15.3;
					};
					18AF499B2E153D540075C100 = {
						CreatedOnToolsVersion = 15.3;
						TestTargetID = 18AF49852E153D510075C100;
					};
					18AF49A52E153D540075C100 = {
						CreatedOnToolsVersion = 15.3;
						TestTargetID = 18AF49852E153D510075C100;
					};
				};
			};
			buildConfigurationList = 18AF49812E153D510075C100 /* Build configuration list for PBXProject "TopMovie" */;
			compatibilityVersion = "Xcode 14.0";
			developmentRegion = en;
			hasScannedForEncodings = 0;
			knownRegions = (
				en,
				Base,
				ar,
			);
			mainGroup = 18AF497D2E153D510075C100;
			packageReferences = (
				18DA55052E154F32000082DD /* XCRemoteSwiftPackageReference "Alamofire" */,
				18DA55202E156D0A000082DD /* XCRemoteSwiftPackageReference "SDWebImage" */,
			);
			productRefGroup = 18AF49872E153D510075C100 /* Products */;
			projectDirPath = "";
			projectRoot = "";
			targets = (
				18AF49852E153D510075C100 /* TopMovie */,
				18AF499B2E153D540075C100 /* TopMovieTests */,
				18AF49A52E153D540075C100 /* TopMovieUITests */,
			);
		};
/* End PBXProject section */

/* Begin PBXResourcesBuildPhase section */
		18AF49842E153D510075C100 /* Resources */ = {
			isa = PBXResourcesBuildPhase;
			buildActionMask = 2147483647;
			files = (
				18DA55112E155331000082DD /* Colors.xcassets in Resources */,
				18AF49932E153D540075C100 /* Assets.xcassets in Resources */,
			);
			runOnlyForDeploymentPostprocessing = 0;
		};
		18AF499A2E153D540075C100 /* Resources */ = {
			isa = PBXResourcesBuildPhase;
			buildActionMask = 2147483647;
			files = (
			);
			runOnlyForDeploymentPostprocessing = 0;
		};
		18AF49A42E153D540075C100 /* Resources */ = {
			isa = PBXResourcesBuildPhase;
			buildActionMask = 2147483647;
			files = (
			);
			runOnlyForDeploymentPostprocessing = 0;
		};
/* End PBXResourcesBuildPhase section */

/* Begin PBXShellScriptBuildPhase section */
		11FCA88E789B763240EAC6D5 /* [CP] Embed Pods Frameworks */ = {
			isa = PBXShellScriptBuildPhase;
			buildActionMask = 2147483647;
			files = (
			);
			inputFileListPaths = (
				"${PODS_ROOT}/Target Support Files/Pods-TopMovie/Pods-TopMovie-frameworks-${CONFIGURATION}-input-files.xcfilelist",
			);
			name = "[CP] Embed Pods Frameworks";
			outputFileListPaths = (
				"${PODS_ROOT}/Target Support Files/Pods-TopMovie/Pods-TopMovie-frameworks-${CONFIGURATION}-output-files.xcfilelist",
			);
			runOnlyForDeploymentPostprocessing = 0;
			shellPath = /bin/sh;
			shellScript = "\"${PODS_ROOT}/Target Support Files/Pods-TopMovie/Pods-TopMovie-frameworks.sh\"\n";
			showEnvVarsInLog = 0;
		};
		97EB0BDA4FF13CB6CE1A23B8 /* [CP] Check Pods Manifest.lock */ = {
			isa = PBXShellScriptBuildPhase;
			buildActionMask = 2147483647;
			files = (
			);
			inputFileListPaths = (
			);
			inputPaths = (
				"${PODS_PODFILE_DIR_PATH}/Podfile.lock",
				"${PODS_ROOT}/Manifest.lock",
			);
			name = "[CP] Check Pods Manifest.lock";
			outputFileListPaths = (
			);
			outputPaths = (
				"$(DERIVED_FILE_DIR)/Pods-TopMovieUITests-checkManifestLockResult.txt",
			);
			runOnlyForDeploymentPostprocessing = 0;
			shellPath = /bin/sh;
			shellScript = "diff \"${PODS_PODFILE_DIR_PATH}/Podfile.lock\" \"${PODS_ROOT}/Manifest.lock\" > /dev/null\nif [ $? != 0 ] ; then\n    # print error to STDERR\n    echo \"error: The sandbox is not in sync with the Podfile.lock. Run 'pod install' or update your CocoaPods installation.\" >&2\n    exit 1\nfi\n# This output is used by Xcode 'outputs' to avoid re-running this script phase.\necho \"SUCCESS\" > \"${SCRIPT_OUTPUT_FILE_0}\"\n";
			showEnvVarsInLog = 0;
		};
		9B7AD54F82272067198AF0F1 /* [CP] Check Pods Manifest.lock */ = {
			isa = PBXShellScriptBuildPhase;
			buildActionMask = 2147483647;
			files = (
			);
			inputFileListPaths = (
			);
			inputPaths = (
				"${PODS_PODFILE_DIR_PATH}/Podfile.lock",
				"${PODS_ROOT}/Manifest.lock",
			);
			name = "[CP] Check Pods Manifest.lock";
			outputFileListPaths = (
			);
			outputPaths = (
				"$(DERIVED_FILE_DIR)/Pods-TopMovie-checkManifestLockResult.txt",
			);
			runOnlyForDeploymentPostprocessing = 0;
			shellPath = /bin/sh;
			shellScript = "diff \"${PODS_PODFILE_DIR_PATH}/Podfile.lock\" \"${PODS_ROOT}/Manifest.lock\" > /dev/null\nif [ $? != 0 ] ; then\n    # print error to STDERR\n    echo \"error: The sandbox is not in sync with the Podfile.lock. Run 'pod install' or update your CocoaPods installation.\" >&2\n    exit 1\nfi\n# This output is used by Xcode 'outputs' to avoid re-running this script phase.\necho \"SUCCESS\" > \"${SCRIPT_OUTPUT_FILE_0}\"\n";
			showEnvVarsInLog = 0;
		};
		A2F728DA8A2687D649B80B31 /* [CP] Check Pods Manifest.lock */ = {
			isa = PBXShellScriptBuildPhase;
			buildActionMask = 2147483647;
			files = (
			);
			inputFileListPaths = (
			);
			inputPaths = (
				"${PODS_PODFILE_DIR_PATH}/Podfile.lock",
				"${PODS_ROOT}/Manifest.lock",
			);
			name = "[CP] Check Pods Manifest.lock";
			outputFileListPaths = (
			);
			outputPaths = (
				"$(DERIVED_FILE_DIR)/Pods-TopMovieTests-checkManifestLockResult.txt",
			);
			runOnlyForDeploymentPostprocessing = 0;
			shellPath = /bin/sh;
			shellScript = "diff \"${PODS_PODFILE_DIR_PATH}/Podfile.lock\" \"${PODS_ROOT}/Manifest.lock\" > /dev/null\nif [ $? != 0 ] ; then\n    # print error to STDERR\n    echo \"error: The sandbox is not in sync with the Podfile.lock. Run 'pod install' or update your CocoaPods installation.\" >&2\n    exit 1\nfi\n# This output is used by Xcode 'outputs' to avoid re-running this script phase.\necho \"SUCCESS\" > \"${SCRIPT_OUTPUT_FILE_0}\"\n";
			showEnvVarsInLog = 0;
		};
/* End PBXShellScriptBuildPhase section */

/* Begin PBXSourcesBuildPhase section */
		18AF49822E153D510075C100 /* Sources */ = {
			isa = PBXSourcesBuildPhase;
			buildActionMask = 2147483647;
			files = (
				18EAAE0C2E17311B00335513 /* ErrorModel.swift in Sources */,
				18EAAE0D2E17311B00335513 /* Request.swift in Sources */,
				18EAAE0A2E17311B00335513 /* MovieDetailsUseCase.swift in Sources */,
				18EAAE0E2E17311B00335513 /* URLs.swift in Sources */,
				18EAAE092E17311B00335513 /* HomeUseCase.swift in Sources */,
				18EAAE0B2E17311B00335513 /* SaveFavData.swift in Sources */,
				18DA551D2E156A90000082DD /* BaseViewController.swift in Sources */,
			);
			runOnlyForDeploymentPostprocessing = 0;
		};
		18AF49982E153D540075C100 /* Sources */ = {
			isa = PBXSourcesBuildPhase;
			buildActionMask = 2147483647;
			files = (
				18AF49A12E153D540075C100 /* TopMovieTests.swift in Sources */,
			);
			runOnlyForDeploymentPostprocessing = 0;
		};
		18AF49A22E153D540075C100 /* Sources */ = {
			isa = PBXSourcesBuildPhase;
			buildActionMask = 2147483647;
			files = (
				18AF49AD2E153D540075C100 /* TopMovieUITestsLaunchTests.swift in Sources */,
				18AF49AB2E153D540075C100 /* TopMovieUITests.swift in Sources */,
			);
			runOnlyForDeploymentPostprocessing = 0;
		};
/* End PBXSourcesBuildPhase section */

/* Begin PBXTargetDependency section */
		18AF499E2E153D540075C100 /* PBXTargetDependency */ = {
			isa = PBXTargetDependency;
			target = 18AF49852E153D510075C100 /* TopMovie */;
			targetProxy = 18AF499D2E153D540075C100 /* PBXContainerItemProxy */;
		};
		18AF49A82E153D540075C100 /* PBXTargetDependency */ = {
			isa = PBXTargetDependency;
			target = 18AF49852E153D510075C100 /* TopMovie */;
			targetProxy = 18AF49A72E153D540075C100 /* PBXContainerItemProxy */;
		};
/* End PBXTargetDependency section */

/* Begin XCBuildConfiguration section */
		18AF49AE2E153D540075C100 /* Debug */ = {
			isa = XCBuildConfiguration;
			buildSettings = {
				ALWAYS_SEARCH_USER_PATHS = NO;
				ASSETCATALOG_COMPILER_GENERATE_SWIFT_ASSET_SYMBOL_EXTENSIONS = YES;
				CLANG_ANALYZER_NONNULL = YES;
				CLANG_ANALYZER_NUMBER_OBJECT_CONVERSION = YES_AGGRESSIVE;
				CLANG_CXX_LANGUAGE_STANDARD = "gnu++20";
				CLANG_ENABLE_MODULES = YES;
				CLANG_ENABLE_OBJC_ARC = YES;
				CLANG_ENABLE_OBJC_WEAK = YES;
				CLANG_WARN_BLOCK_CAPTURE_AUTORELEASING = YES;
				CLANG_WARN_BOOL_CONVERSION = YES;
				CLANG_WARN_COMMA = YES;
				CLANG_WARN_CONSTANT_CONVERSION = YES;
				CLANG_WARN_DEPRECATED_OBJC_IMPLEMENTATIONS = YES;
				CLANG_WARN_DIRECT_OBJC_ISA_USAGE = YES_ERROR;
				CLANG_WARN_DOCUMENTATION_COMMENTS = YES;
				CLANG_WARN_EMPTY_BODY = YES;
				CLANG_WARN_ENUM_CONVERSION = YES;
				CLANG_WARN_INFINITE_RECURSION = YES;
				CLANG_WARN_INT_CONVERSION = YES;
				CLANG_WARN_NON_LITERAL_NULL_CONVERSION = YES;
				CLANG_WARN_OBJC_IMPLICIT_RETAIN_SELF = YES;
				CLANG_WARN_OBJC_LITERAL_CONVERSION = YES;
				CLANG_WARN_OBJC_ROOT_CLASS = YES_ERROR;
				CLANG_WARN_QUOTED_INCLUDE_IN_FRAMEWORK_HEADER = YES;
				CLANG_WARN_RANGE_LOOP_ANALYSIS = YES;
				CLANG_WARN_STRICT_PROTOTYPES = YES;
				CLANG_WARN_SUSPICIOUS_MOVE = YES;
				CLANG_WARN_UNGUARDED_AVAILABILITY = YES_AGGRESSIVE;
				CLANG_WARN_UNREACHABLE_CODE = YES;
				CLANG_WARN__DUPLICATE_METHOD_MATCH = YES;
				COPY_PHASE_STRIP = NO;
				DEBUG_INFORMATION_FORMAT = dwarf;
				ENABLE_STRICT_OBJC_MSGSEND = YES;
				ENABLE_TESTABILITY = YES;
				ENABLE_USER_SCRIPT_SANDBOXING = NO;
				GCC_C_LANGUAGE_STANDARD = gnu17;
				GCC_DYNAMIC_NO_PIC = NO;
				GCC_NO_COMMON_BLOCKS = YES;
				GCC_OPTIMIZATION_LEVEL = 0;
				GCC_PREPROCESSOR_DEFINITIONS = (
					"DEBUG=1",
					"$(inherited)",
				);
				GCC_WARN_64_TO_32_BIT_CONVERSION = YES;
				GCC_WARN_ABOUT_RETURN_TYPE = YES_ERROR;
				GCC_WARN_UNDECLARED_SELECTOR = YES;
				GCC_WARN_UNINITIALIZED_AUTOS = YES_AGGRESSIVE;
				GCC_WARN_UNUSED_FUNCTION = YES;
				GCC_WARN_UNUSED_VARIABLE = YES;
				IPHONEOS_DEPLOYMENT_TARGET = 17.4;
				LOCALIZATION_PREFERS_STRING_CATALOGS = YES;
				MTL_ENABLE_DEBUG_INFO = INCLUDE_SOURCE;
				MTL_FAST_MATH = YES;
				ONLY_ACTIVE_ARCH = YES;
				SDKROOT = iphoneos;
				SWIFT_ACTIVE_COMPILATION_CONDITIONS = "DEBUG $(inherited)";
				SWIFT_OPTIMIZATION_LEVEL = "-Onone";
			};
			name = Debug;
		};
		18AF49AF2E153D540075C100 /* Release */ = {
			isa = XCBuildConfiguration;
			buildSettings = {
				ALWAYS_SEARCH_USER_PATHS = NO;
				ASSETCATALOG_COMPILER_GENERATE_SWIFT_ASSET_SYMBOL_EXTENSIONS = YES;
				CLANG_ANALYZER_NONNULL = YES;
				CLANG_ANALYZER_NUMBER_OBJECT_CONVERSION = YES_AGGRESSIVE;
				CLANG_CXX_LANGUAGE_STANDARD = "gnu++20";
				CLANG_ENABLE_MODULES = YES;
				CLANG_ENABLE_OBJC_ARC = YES;
				CLANG_ENABLE_OBJC_WEAK = YES;
				CLANG_WARN_BLOCK_CAPTURE_AUTORELEASING = YES;
				CLANG_WARN_BOOL_CONVERSION = YES;
				CLANG_WARN_COMMA = YES;
				CLANG_WARN_CONSTANT_CONVERSION = YES;
				CLANG_WARN_DEPRECATED_OBJC_IMPLEMENTATIONS = YES;
				CLANG_WARN_DIRECT_OBJC_ISA_USAGE = YES_ERROR;
				CLANG_WARN_DOCUMENTATION_COMMENTS = YES;
				CLANG_WARN_EMPTY_BODY = YES;
				CLANG_WARN_ENUM_CONVERSION = YES;
				CLANG_WARN_INFINITE_RECURSION = YES;
				CLANG_WARN_INT_CONVERSION = YES;
				CLANG_WARN_NON_LITERAL_NULL_CONVERSION = YES;
				CLANG_WARN_OBJC_IMPLICIT_RETAIN_SELF = YES;
				CLANG_WARN_OBJC_LITERAL_CONVERSION = YES;
				CLANG_WARN_OBJC_ROOT_CLASS = YES_ERROR;
				CLANG_WARN_QUOTED_INCLUDE_IN_FRAMEWORK_HEADER = YES;
				CLANG_WARN_RANGE_LOOP_ANALYSIS = YES;
				CLANG_WARN_STRICT_PROTOTYPES = YES;
				CLANG_WARN_SUSPICIOUS_MOVE = YES;
				CLANG_WARN_UNGUARDED_AVAILABILITY = YES_AGGRESSIVE;
				CLANG_WARN_UNREACHABLE_CODE = YES;
				CLANG_WARN__DUPLICATE_METHOD_MATCH = YES;
				COPY_PHASE_STRIP = NO;
				DEBUG_INFORMATION_FORMAT = "dwarf-with-dsym";
				ENABLE_NS_ASSERTIONS = NO;
				ENABLE_STRICT_OBJC_MSGSEND = YES;
				ENABLE_USER_SCRIPT_SANDBOXING = NO;
				GCC_C_LANGUAGE_STANDARD = gnu17;
				GCC_NO_COMMON_BLOCKS = YES;
				GCC_WARN_64_TO_32_BIT_CONVERSION = YES;
				GCC_WARN_ABOUT_RETURN_TYPE = YES_ERROR;
				GCC_WARN_UNDECLARED_SELECTOR = YES;
				GCC_WARN_UNINITIALIZED_AUTOS = YES_AGGRESSIVE;
				GCC_WARN_UNUSED_FUNCTION = YES;
				GCC_WARN_UNUSED_VARIABLE = YES;
				IPHONEOS_DEPLOYMENT_TARGET = 17.4;
				LOCALIZATION_PREFERS_STRING_CATALOGS = YES;
				MTL_ENABLE_DEBUG_INFO = NO;
				MTL_FAST_MATH = YES;
				SDKROOT = iphoneos;
				SWIFT_COMPILATION_MODE = wholemodule;
				VALIDATE_PRODUCT = YES;
			};
			name = Release;
		};
		18AF49B12E153D540075C100 /* Debug */ = {
			isa = XCBuildConfiguration;
			baseConfigurationReference = 24EAA59A8752BBD593FDD7B7 /* Pods-TopMovie.debug.xcconfig */;
			buildSettings = {
				ASSETCATALOG_COMPILER_APPICON_NAME = AppIcon;
				ASSETCATALOG_COMPILER_GLOBAL_ACCENT_COLOR_NAME = AccentColor;
				CODE_SIGN_STYLE = Automatic;
				CURRENT_PROJECT_VERSION = 1;
				DEVELOPMENT_TEAM = N95KH6NPX4;
				GENERATE_INFOPLIST_FILE = YES;
				INFOPLIST_FILE = TopMovie/Info.plist;
				INFOPLIST_KEY_UIApplicationSupportsIndirectInputEvents = YES;
				INFOPLIST_KEY_UILaunchStoryboardName = LaunchScreen;
				INFOPLIST_KEY_UIMainStoryboardFile = Main;
				INFOPLIST_KEY_UISupportedInterfaceOrientations_iPad = "UIInterfaceOrientationPortrait UIInterfaceOrientationPortraitUpsideDown UIInterfaceOrientationLandscapeLeft UIInterfaceOrientationLandscapeRight";
				INFOPLIST_KEY_UISupportedInterfaceOrientations_iPhone = "UIInterfaceOrientationPortrait UIInterfaceOrientationLandscapeLeft UIInterfaceOrientationLandscapeRight";
				IPHONEOS_DEPLOYMENT_TARGET = 13.0;
				LD_RUNPATH_SEARCH_PATHS = (
					"$(inherited)",
					"@executable_path/Frameworks",
				);
				MARKETING_VERSION = 1.0;
				PRODUCT_BUNDLE_IDENTIFIER = com.TopMovie;
				PRODUCT_NAME = "$(TARGET_NAME)";
				SUPPORTED_PLATFORMS = "iphoneos iphonesimulator";
				SUPPORTS_MACCATALYST = NO;
				SUPPORTS_MAC_DESIGNED_FOR_IPHONE_IPAD = NO;
				SUPPORTS_XR_DESIGNED_FOR_IPHONE_IPAD = NO;
				SWIFT_EMIT_LOC_STRINGS = YES;
				SWIFT_VERSION = 5.0;
				TARGETED_DEVICE_FAMILY = 1;
			};
			name = Debug;
		};
		18AF49B22E153D540075C100 /* Release */ = {
			isa = XCBuildConfiguration;
			baseConfigurationReference = C0EE660CF6D1AD912596D468 /* Pods-TopMovie.release.xcconfig */;
			buildSettings = {
				ASSETCATALOG_COMPILER_APPICON_NAME = AppIcon;
				ASSETCATALOG_COMPILER_GLOBAL_ACCENT_COLOR_NAME = AccentColor;
				CODE_SIGN_STYLE = Automatic;
				CURRENT_PROJECT_VERSION = 1;
				DEVELOPMENT_TEAM = N95KH6NPX4;
				GENERATE_INFOPLIST_FILE = YES;
				INFOPLIST_FILE = TopMovie/Info.plist;
				INFOPLIST_KEY_UIApplicationSupportsIndirectInputEvents = YES;
				INFOPLIST_KEY_UILaunchStoryboardName = LaunchScreen;
				INFOPLIST_KEY_UIMainStoryboardFile = Main;
				INFOPLIST_KEY_UISupportedInterfaceOrientations_iPad = "UIInterfaceOrientationPortrait UIInterfaceOrientationPortraitUpsideDown UIInterfaceOrientationLandscapeLeft UIInterfaceOrientationLandscapeRight";
				INFOPLIST_KEY_UISupportedInterfaceOrientations_iPhone = "UIInterfaceOrientationPortrait UIInterfaceOrientationLandscapeLeft UIInterfaceOrientationLandscapeRight";
				IPHONEOS_DEPLOYMENT_TARGET = 13.0;
				LD_RUNPATH_SEARCH_PATHS = (
					"$(inherited)",
					"@executable_path/Frameworks",
				);
				MARKETING_VERSION = 1.0;
				PRODUCT_BUNDLE_IDENTIFIER = com.TopMovie;
				PRODUCT_NAME = "$(TARGET_NAME)";
				SUPPORTED_PLATFORMS = "iphoneos iphonesimulator";
				SUPPORTS_MACCATALYST = NO;
				SUPPORTS_MAC_DESIGNED_FOR_IPHONE_IPAD = NO;
				SUPPORTS_XR_DESIGNED_FOR_IPHONE_IPAD = NO;
				SWIFT_EMIT_LOC_STRINGS = YES;
				SWIFT_VERSION = 5.0;
				TARGETED_DEVICE_FAMILY = 1;
			};
			name = Release;
		};
		18AF49B42E153D540075C100 /* Debug */ = {
			isa = XCBuildConfiguration;
			baseConfigurationReference = 3176450A25770311F0AC42B0 /* Pods-TopMovieTests.debug.xcconfig */;
			buildSettings = {
				ALWAYS_EMBED_SWIFT_STANDARD_LIBRARIES = YES;
				BUNDLE_LOADER = "$(TEST_HOST)";
				CODE_SIGN_STYLE = Automatic;
				CURRENT_PROJECT_VERSION = 1;
				DEVELOPMENT_TEAM = N95KH6NPX4;
				GENERATE_INFOPLIST_FILE = YES;
				IPHONEOS_DEPLOYMENT_TARGET = 17.4;
				MARKETING_VERSION = 1.0;
				PRODUCT_BUNDLE_IDENTIFIER = com.TopMovieTests;
				PRODUCT_NAME = "$(TARGET_NAME)";
				SWIFT_EMIT_LOC_STRINGS = NO;
				SWIFT_VERSION = 5.0;
				TARGETED_DEVICE_FAMILY = "1,2";
				TEST_HOST = "$(BUILT_PRODUCTS_DIR)/TopMovie.app/$(BUNDLE_EXECUTABLE_FOLDER_PATH)/TopMovie";
			};
			name = Debug;
		};
		18AF49B52E153D540075C100 /* Release */ = {
			isa = XCBuildConfiguration;
			baseConfigurationReference = 45DE19DA72F45376ED6DDFEE /* Pods-TopMovieTests.release.xcconfig */;
			buildSettings = {
				ALWAYS_EMBED_SWIFT_STANDARD_LIBRARIES = YES;
				BUNDLE_LOADER = "$(TEST_HOST)";
				CODE_SIGN_STYLE = Automatic;
				CURRENT_PROJECT_VERSION = 1;
				DEVELOPMENT_TEAM = N95KH6NPX4;
				GENERATE_INFOPLIST_FILE = YES;
				IPHONEOS_DEPLOYMENT_TARGET = 17.4;
				MARKETING_VERSION = 1.0;
				PRODUCT_BUNDLE_IDENTIFIER = com.TopMovieTests;
				PRODUCT_NAME = "$(TARGET_NAME)";
				SWIFT_EMIT_LOC_STRINGS = NO;
				SWIFT_VERSION = 5.0;
				TARGETED_DEVICE_FAMILY = "1,2";
				TEST_HOST = "$(BUILT_PRODUCTS_DIR)/TopMovie.app/$(BUNDLE_EXECUTABLE_FOLDER_PATH)/TopMovie";
			};
			name = Release;
		};
		18AF49B72E153D540075C100 /* Debug */ = {
			isa = XCBuildConfiguration;
			baseConfigurationReference = D5C8B88C81BBEDBEFB33914F /* Pods-TopMovieUITests.debug.xcconfig */;
			buildSettings = {
				ALWAYS_EMBED_SWIFT_STANDARD_LIBRARIES = YES;
				CODE_SIGN_STYLE = Automatic;
				CURRENT_PROJECT_VERSION = 1;
				DEVELOPMENT_TEAM = N95KH6NPX4;
				GENERATE_INFOPLIST_FILE = YES;
				MARKETING_VERSION = 1.0;
				PRODUCT_BUNDLE_IDENTIFIER = com.TopMovieUITests;
				PRODUCT_NAME = "$(TARGET_NAME)";
				SWIFT_EMIT_LOC_STRINGS = NO;
				SWIFT_VERSION = 5.0;
				TARGETED_DEVICE_FAMILY = "1,2";
				TEST_TARGET_NAME = TopMovie;
			};
			name = Debug;
		};
		18AF49B82E153D540075C100 /* Release */ = {
			isa = XCBuildConfiguration;
			baseConfigurationReference = 665432373371166F74F8BD6B /* Pods-TopMovieUITests.release.xcconfig */;
			buildSettings = {
				ALWAYS_EMBED_SWIFT_STANDARD_LIBRARIES = YES;
				CODE_SIGN_STYLE = Automatic;
				CURRENT_PROJECT_VERSION = 1;
				DEVELOPMENT_TEAM = N95KH6NPX4;
				GENERATE_INFOPLIST_FILE = YES;
				MARKETING_VERSION = 1.0;
				PRODUCT_BUNDLE_IDENTIFIER = com.TopMovieUITests;
				PRODUCT_NAME = "$(TARGET_NAME)";
				SWIFT_EMIT_LOC_STRINGS = NO;
				SWIFT_VERSION = 5.0;
				TARGETED_DEVICE_FAMILY = "1,2";
				TEST_TARGET_NAME = TopMovie;
			};
			name = Release;
		};
/* End XCBuildConfiguration section */

/* Begin XCConfigurationList section */
		18AF49812E153D510075C100 /* Build configuration list for PBXProject "TopMovie" */ = {
			isa = XCConfigurationList;
			buildConfigurations = (
				18AF49AE2E153D540075C100 /* Debug */,
				18AF49AF2E153D540075C100 /* Release */,
			);
			defaultConfigurationIsVisible = 0;
			defaultConfigurationName = Release;
		};
		18AF49B02E153D540075C100 /* Build configuration list for PBXNativeTarget "TopMovie" */ = {
			isa = XCConfigurationList;
			buildConfigurations = (
				18AF49B12E153D540075C100 /* Debug */,
				18AF49B22E153D540075C100 /* Release */,
			);
			defaultConfigurationIsVisible = 0;
			defaultConfigurationName = Release;
		};
		18AF49B32E153D540075C100 /* Build configuration list for PBXNativeTarget "TopMovieTests" */ = {
			isa = XCConfigurationList;
			buildConfigurations = (
				18AF49B42E153D540075C100 /* Debug */,
				18AF49B52E153D540075C100 /* Release */,
			);
			defaultConfigurationIsVisible = 0;
			defaultConfigurationName = Release;
		};
		18AF49B62E153D540075C100 /* Build configuration list for PBXNativeTarget "TopMovieUITests" */ = {
			isa = XCConfigurationList;
			buildConfigurations = (
				18AF49B72E153D540075C100 /* Debug */,
				18AF49B82E153D540075C100 /* Release */,
			);
			defaultConfigurationIsVisible = 0;
			defaultConfigurationName = Release;
		};
/* End XCConfigurationList section */

/* Begin XCRemoteSwiftPackageReference section */
		18DA55052E154F32000082DD /* XCRemoteSwiftPackageReference "Alamofire" */ = {
			isa = XCRemoteSwiftPackageReference;
			repositoryURL = "https://github.com/Alamofire/Alamofire.git";
			requirement = {
				kind = upToNextMajorVersion;
				minimumVersion = 5.10.2;
			};
		};
		18DA55202E156D0A000082DD /* XCRemoteSwiftPackageReference "SDWebImage" */ = {
			isa = XCRemoteSwiftPackageReference;
			repositoryURL = "https://github.com/SDWebImage/SDWebImage.git";
			requirement = {
				kind = upToNextMajorVersion;
				minimumVersion = 5.21.1;
			};
		};
/* End XCRemoteSwiftPackageReference section */

/* Begin XCSwiftPackageProductDependency section */
		18DA55062E154FAD000082DD /* Alamofire */ = {
			isa = XCSwiftPackageProductDependency;
			package = 18DA55052E154F32000082DD /* XCRemoteSwiftPackageReference "Alamofire" */;
			productName = Alamofire;
		};
		18DA55082E154FAD000082DD /* AlamofireDynamic */ = {
			isa = XCSwiftPackageProductDependency;
			package = 18DA55052E154F32000082DD /* XCRemoteSwiftPackageReference "Alamofire" */;
			productName = AlamofireDynamic;
		};
		18DA55212E156D0A000082DD /* SDWebImage */ = {
			isa = XCSwiftPackageProductDependency;
			package = 18DA55202E156D0A000082DD /* XCRemoteSwiftPackageReference "SDWebImage" */;
			productName = SDWebImage;
		};
		18DA55232E156D0A000082DD /* SDWebImageMapKit */ = {
			isa = XCSwiftPackageProductDependency;
			package = 18DA55202E156D0A000082DD /* XCRemoteSwiftPackageReference "SDWebImage" */;
			productName = SDWebImageMapKit;
		};
/* End XCSwiftPackageProductDependency section */
	};
	rootObject = 18AF497E2E153D510075C100 /* Project object */;
}
